
Microsoft Visual Studio Solution File, Format Version 12.00
# Visual Studio Version 16
VisualStudioVersion = 16.0.31321.278
MinimumVisualStudioVersion = 10.0.40219.1
Project("{2150E333-8FDC-42A3-9474-1A3956D46DE8}") = "src", "src", "{C559EB1C-745A-4D65-9575-51025A6887DC}"
EndProject
Project("{2150E333-8FDC-42A3-9474-1A3956D46DE8}") = "testes", "testes", "{97A2CD19-4099-4B54-AACD-3CB74F0B179B}"
EndProject
Project("{FAE04EC0-301F-11D3-BF4B-00C04F79EFBC}") = "LeilaoOnline", "LeilaoOnline\LeilaoOnline.csproj", "{8733DD8F-93D9-4BA5-B6F4-D34E7F9C92DE}"
EndProject
Project("{FAE04EC0-301F-11D3-BF4B-00C04F79EFBC}") = "LeilaoOnline.TestesUnidade", "LeilaoOnline.TestesUnidade\LeilaoOnline.TestesUnidade.csproj", "{79EBFCFA-C42A-45B5-87D9-587E5A70AB1B}"
EndProject
Global
	GlobalSection(SolutionConfigurationPlatforms) = preSolution
		Debug|Any CPU = Debug|Any CPU
		Release|Any CPU = Release|Any CPU
	EndGlobalSection
	GlobalSection(ProjectConfigurationPlatforms) = postSolution
		{8733DD8F-93D9-4BA5-B6F4-D34E7F9C92DE}.Debug|Any CPU.ActiveCfg = Debug|Any CPU
		{8733DD8F-93D9-4BA5-B6F4-D34E7F9C92DE}.Debug|Any CPU.Build.0 = Debug|Any CPU
		{8733DD8F-93D9-4BA5-B6F4-D34E7F9C92DE}.Release|Any CPU.ActiveCfg = Release|Any CPU
		{8733DD8F-93D9-4BA5-B6F4-D34E7F9C92DE}.Release|Any CPU.Build.0 = Release|Any CPU
		{79EBFCFA-C42A-45B5-87D9-587E5A70AB1B}.Debug|Any CPU.ActiveCfg = Debug|Any CPU
		{79EBFCFA-C42A-45B5-87D9-587E5A70AB1B}.Debug|Any CPU.Build.0 = Debug|Any CPU
		{79EBFCFA-C42A-45B5-87D9-587E5A70AB1B}.Release|Any CPU.ActiveCfg = Release|Any CPU
		{79EBFCFA-C42A-45B5-87D9-587E5A70AB1B}.Release|Any CPU.Build.0 = Release|Any CPU
	EndGlobalSection
	GlobalSection(SolutionProperties) = preSolution
		HideSolutionNode = FALSE
	EndGlobalSection
	GlobalSection(NestedProjects) = preSolution
		{8733DD8F-93D9-4BA5-B6F4-D34E7F9C92DE} = {C559EB1C-745A-4D65-9575-51025A6887DC}
		{79EBFCFA-C42A-45B5-87D9-587E5A70AB1B} = {97A2CD19-4099-4B54-AACD-3CB74F0B179B}
	EndGlobalSection
	GlobalSection(ExtensibilityGlobals) = postSolution
		SolutionGuid = {9A7FFA17-36DC-4BD1-99F8-0CFA9006C2B7}
	EndGlobalSection
EndGlobal
